
Microsoft Visual Studio Solution File, Format Version 12.00
# Visual Studio Version 16
VisualStudioVersion = 16.0.28922.388
MinimumVisualStudioVersion = 10.0.40219.1
Project("{FAE04EC0-301F-11D3-BF4B-00C04F79EFBC}") = "Movie", "Movie\Movie.csproj", "{69CC78D2-0BE9-44B2-B43A-42958EEB1AE9}"
EndProject
Global
	GlobalSection(SolutionConfigurationPlatforms) = preSolution
		Debug|Any CPU = Debug|Any CPU
		Release|Any CPU = Release|Any CPU
	EndGlobalSection
	GlobalSection(ProjectConfigurationPlatforms) = postSolution
		{69CC78D2-0BE9-44B2-B43A-42958EEB1AE9}.Debug|Any CPU.ActiveCfg = Debug|Any CPU
		{69CC78D2-0BE9-44B2-B43A-42958EEB1AE9}.Debug|Any CPU.Build.0 = Debug|Any CPU
		{69CC78D2-0BE9-44B2-B43A-42958EEB1AE9}.Release|Any CPU.ActiveCfg = Release|Any CPU
		{69CC78D2-0BE9-44B2-B43A-42958EEB1AE9}.Release|Any CPU.Build.0 = Release|Any CPU
	EndGlobalSection
	GlobalSection(SolutionProperties) = preSolution
		HideSolutionNode = FALSE
	EndGlobalSection
	GlobalSection(ExtensibilityGlobals) = postSolution
		SolutionGuid = {0A934D9B-C909-48EE-B016-861DC69C79EA}
	EndGlobalSection
EndGlobal
